
Microsoft Visual Studio Solution File, Format Version 12.00
# Visual Studio 15
VisualStudioVersion = 15.0.28307.421
MinimumVisualStudioVersion = 10.0.40219.1
Project("{2150E333-8FDC-42A3-9474-1A3956D46DE8}") = "src", "src", "{8C3DC455-CAC0-4D6B-BD98-4925F3047FEF}"
EndProject
Project("{2150E333-8FDC-42A3-9474-1A3956D46DE8}") = "Solution Items", "Solution Items", "{C1838952-A076-4DE1-B8EA-69E8E7812259}"
	ProjectSection(SolutionItems) = preProject
		README.md = README.md
	EndProjectSection
EndProject
Project("{9A19103F-16F7-4668-BE54-9A1E7A4F7556}") = "WatchCat.Serverless", "src\50.Hosting\WatchCat.Serverless\WatchCat.Serverless.csproj", "{8175FBA3-E2B9-4DF0-BA91-8F25A972693B}"
EndProject
Project("{2150E333-8FDC-42A3-9474-1A3956D46DE8}") = "10.Core", "10.Core", "{B04C0932-D2B2-4209-A836-174E96DE679D}"
EndProject
Project("{9A19103F-16F7-4668-BE54-9A1E7A4F7556}") = "WatchCat.WebApp", "src\50.Hosting\WatchCat.WebApp\WatchCat.WebApp.csproj", "{7416C3DA-3FF9-4729-A0D9-70E82B29935D}"
EndProject
Project("{9A19103F-16F7-4668-BE54-9A1E7A4F7556}") = "WatchCat.Core", "src\10.Core\WatchCat.Core\WatchCat.Core.csproj", "{5F0A66D8-A4B1-44DD-859E-DD66543774CF}"
EndProject
Project("{9A19103F-16F7-4668-BE54-9A1E7A4F7556}") = "WatchCat.Connectors", "src\10.Core\WatchCat.Connectors\WatchCat.Connectors.csproj", "{863E0B3C-0970-4461-AA25-B6E2712022A2}"
EndProject
Project("{2150E333-8FDC-42A3-9474-1A3956D46DE8}") = "80.Test", "80.Test", "{1E1E4E9E-8394-4048-9105-49D2D1676D8A}"
EndProject
Project("{2150E333-8FDC-42A3-9474-1A3956D46DE8}") = "50.Hosting", "50.Hosting", "{55B71927-5793-45DD-935F-1E6F92EB7ED0}"
EndProject
Project("{9A19103F-16F7-4668-BE54-9A1E7A4F7556}") = "EventsSource", "src\80.Test\EventsSource\EventsSource.csproj", "{9374F660-B8A7-498B-8584-55AE07B558BA}"
EndProject
Project("{9A19103F-16F7-4668-BE54-9A1E7A4F7556}") = "WatchCat.Connectors.Stubs", "src\80.Test\WatchCat.Connectors.Stubs\WatchCat.Connectors.Stubs.csproj", "{87304D2C-1A07-4B97-BDF6-BB5D8FFC3A03}"
EndProject
Global
	GlobalSection(SolutionConfigurationPlatforms) = preSolution
		Debug|Any CPU = Debug|Any CPU
		Release|Any CPU = Release|Any CPU
		TEST|Any CPU = TEST|Any CPU
	EndGlobalSection
	GlobalSection(ProjectConfigurationPlatforms) = postSolution
		{8175FBA3-E2B9-4DF0-BA91-8F25A972693B}.Debug|Any CPU.ActiveCfg = Debug|Any CPU
		{8175FBA3-E2B9-4DF0-BA91-8F25A972693B}.Debug|Any CPU.Build.0 = Debug|Any CPU
		{8175FBA3-E2B9-4DF0-BA91-8F25A972693B}.Release|Any CPU.ActiveCfg = Release|Any CPU
		{8175FBA3-E2B9-4DF0-BA91-8F25A972693B}.Release|Any CPU.Build.0 = Release|Any CPU
		{8175FBA3-E2B9-4DF0-BA91-8F25A972693B}.TEST|Any CPU.ActiveCfg = TEST|Any CPU
		{8175FBA3-E2B9-4DF0-BA91-8F25A972693B}.TEST|Any CPU.Build.0 = TEST|Any CPU
		{7416C3DA-3FF9-4729-A0D9-70E82B29935D}.Debug|Any CPU.ActiveCfg = Debug|Any CPU
		{7416C3DA-3FF9-4729-A0D9-70E82B29935D}.Debug|Any CPU.Build.0 = Debug|Any CPU
		{7416C3DA-3FF9-4729-A0D9-70E82B29935D}.Release|Any CPU.ActiveCfg = Release|Any CPU
		{7416C3DA-3FF9-4729-A0D9-70E82B29935D}.Release|Any CPU.Build.0 = Release|Any CPU
		{7416C3DA-3FF9-4729-A0D9-70E82B29935D}.TEST|Any CPU.ActiveCfg = TEST|Any CPU
		{7416C3DA-3FF9-4729-A0D9-70E82B29935D}.TEST|Any CPU.Build.0 = TEST|Any CPU
		{5F0A66D8-A4B1-44DD-859E-DD66543774CF}.Debug|Any CPU.ActiveCfg = Debug|Any CPU
		{5F0A66D8-A4B1-44DD-859E-DD66543774CF}.Debug|Any CPU.Build.0 = Debug|Any CPU
		{5F0A66D8-A4B1-44DD-859E-DD66543774CF}.Release|Any CPU.ActiveCfg = Release|Any CPU
		{5F0A66D8-A4B1-44DD-859E-DD66543774CF}.Release|Any CPU.Build.0 = Release|Any CPU
		{5F0A66D8-A4B1-44DD-859E-DD66543774CF}.TEST|Any CPU.ActiveCfg = TEST|Any CPU
		{5F0A66D8-A4B1-44DD-859E-DD66543774CF}.TEST|Any CPU.Build.0 = TEST|Any CPU
		{863E0B3C-0970-4461-AA25-B6E2712022A2}.Debug|Any CPU.ActiveCfg = Debug|Any CPU
		{863E0B3C-0970-4461-AA25-B6E2712022A2}.Debug|Any CPU.Build.0 = Debug|Any CPU
		{863E0B3C-0970-4461-AA25-B6E2712022A2}.Release|Any CPU.ActiveCfg = Release|Any CPU
		{863E0B3C-0970-4461-AA25-B6E2712022A2}.Release|Any CPU.Build.0 = Release|Any CPU
		{863E0B3C-0970-4461-AA25-B6E2712022A2}.TEST|Any CPU.ActiveCfg = TEST|Any CPU
		{863E0B3C-0970-4461-AA25-B6E2712022A2}.TEST|Any CPU.Build.0 = TEST|Any CPU
		{9374F660-B8A7-498B-8584-55AE07B558BA}.Debug|Any CPU.ActiveCfg = Debug|Any CPU
		{9374F660-B8A7-498B-8584-55AE07B558BA}.Debug|Any CPU.Build.0 = Debug|Any CPU
		{9374F660-B8A7-498B-8584-55AE07B558BA}.Release|Any CPU.ActiveCfg = Release|Any CPU
		{9374F660-B8A7-498B-8584-55AE07B558BA}.Release|Any CPU.Build.0 = Release|Any CPU
		{9374F660-B8A7-498B-8584-55AE07B558BA}.TEST|Any CPU.ActiveCfg = Debug|Any CPU
		{9374F660-B8A7-498B-8584-55AE07B558BA}.TEST|Any CPU.Build.0 = Debug|Any CPU
		{87304D2C-1A07-4B97-BDF6-BB5D8FFC3A03}.Debug|Any CPU.ActiveCfg = Debug|Any CPU
		{87304D2C-1A07-4B97-BDF6-BB5D8FFC3A03}.Debug|Any CPU.Build.0 = Debug|Any CPU
		{87304D2C-1A07-4B97-BDF6-BB5D8FFC3A03}.Release|Any CPU.ActiveCfg = Release|Any CPU
		{87304D2C-1A07-4B97-BDF6-BB5D8FFC3A03}.Release|Any CPU.Build.0 = Release|Any CPU
		{87304D2C-1A07-4B97-BDF6-BB5D8FFC3A03}.TEST|Any CPU.ActiveCfg = TEST|Any CPU
		{87304D2C-1A07-4B97-BDF6-BB5D8FFC3A03}.TEST|Any CPU.Build.0 = TEST|Any CPU
	EndGlobalSection
	GlobalSection(SolutionProperties) = preSolution
		HideSolutionNode = FALSE
	EndGlobalSection
	GlobalSection(NestedProjects) = preSolution
		{8175FBA3-E2B9-4DF0-BA91-8F25A972693B} = {55B71927-5793-45DD-935F-1E6F92EB7ED0}
		{B04C0932-D2B2-4209-A836-174E96DE679D} = {8C3DC455-CAC0-4D6B-BD98-4925F3047FEF}
		{7416C3DA-3FF9-4729-A0D9-70E82B29935D} = {55B71927-5793-45DD-935F-1E6F92EB7ED0}
		{5F0A66D8-A4B1-44DD-859E-DD66543774CF} = {B04C0932-D2B2-4209-A836-174E96DE679D}
		{863E0B3C-0970-4461-AA25-B6E2712022A2} = {B04C0932-D2B2-4209-A836-174E96DE679D}
		{1E1E4E9E-8394-4048-9105-49D2D1676D8A} = {8C3DC455-CAC0-4D6B-BD98-4925F3047FEF}
		{55B71927-5793-45DD-935F-1E6F92EB7ED0} = {8C3DC455-CAC0-4D6B-BD98-4925F3047FEF}
		{9374F660-B8A7-498B-8584-55AE07B558BA} = {1E1E4E9E-8394-4048-9105-49D2D1676D8A}
		{87304D2C-1A07-4B97-BDF6-BB5D8FFC3A03} = {1E1E4E9E-8394-4048-9105-49D2D1676D8A}
	EndGlobalSection
	GlobalSection(ExtensibilityGlobals) = postSolution
		SolutionGuid = {F66F19BF-EE51-4423-A386-C223EB021A74}
	EndGlobalSection
EndGlobal
