
Microsoft Visual Studio Solution File, Format Version 12.00
# Visual Studio 15
VisualStudioVersion = 15.0.28307.421
MinimumVisualStudioVersion = 10.0.40219.1
Project("{2150E333-8FDC-42A3-9474-1A3956D46DE8}") = "10.Connectors", "10.Connectors", "{9D91FC9A-C103-4D91-B9BC-CEB6ED3C2A46}"
EndProject
Project("{2150E333-8FDC-42A3-9474-1A3956D46DE8}") = "20.Adapters", "20.Adapters", "{DA803126-B386-4425-A469-A565543A38A1}"
EndProject
Project("{2150E333-8FDC-42A3-9474-1A3956D46DE8}") = "src", "src", "{8C3DC455-CAC0-4D6B-BD98-4925F3047FEF}"
EndProject
Project("{2150E333-8FDC-42A3-9474-1A3956D46DE8}") = "80.Hosting", "80.Hosting", "{227B7E8A-E0C9-4AE4-9FAE-40C6EE4D351E}"
EndProject
Project("{2150E333-8FDC-42A3-9474-1A3956D46DE8}") = "Solution Items", "Solution Items", "{C1838952-A076-4DE1-B8EA-69E8E7812259}"
	ProjectSection(SolutionItems) = preProject
		README.md = README.md
	EndProjectSection
EndProject
Project("{FAE04EC0-301F-11D3-BF4B-00C04F79EFBC}") = "WatchCat.Adapters.Log", "src\20.Adapters\WatchCat.Adapters.Log\WatchCat.Adapters.Log.csproj", "{977B2E02-B638-4F45-B099-72427F4067EF}"
EndProject
Project("{FAE04EC0-301F-11D3-BF4B-00C04F79EFBC}") = "WatchCat.WebApp", "src\80.Hosting\WatchCat.WebApp\WatchCat.WebApp.csproj", "{40A959A7-9878-487E-BB4F-20E5361EEC5A}"
EndProject
Project("{FAE04EC0-301F-11D3-BF4B-00C04F79EFBC}") = "WatchCat.Connectors.SignalR", "src\10.Connectors\WatchCat.Connectors.SignalR\WatchCat.Connectors.SignalR.csproj", "{6F275DC0-8DD7-4A4A-AE55-075B23C69059}"
EndProject
Project("{FAE04EC0-301F-11D3-BF4B-00C04F79EFBC}") = "WatchCat.Adapters.Core", "src\20.Adapters\WatchCat.Adapters.Core\WatchCat.Adapters.Core.csproj", "{B77FF2D3-4D04-4B21-9123-A0D050C0C067}"
EndProject
Project("{FAE04EC0-301F-11D3-BF4B-00C04F79EFBC}") = "WatchCat.Adapters.Core.Extensions", "src\20.Adapters\WatchCat.Adapters.Core.Extensions\WatchCat.Adapters.Core.Extensions.csproj", "{4197F294-449F-4A95-B013-76B77E0BBDD0}"
EndProject
Project("{FAE04EC0-301F-11D3-BF4B-00C04F79EFBC}") = "WatchCat.Adapters.SignalR", "src\20.Adapters\WatchCat.Adapters.SignalR\WatchCat.Adapters.SignalR.csproj", "{AF9EE40D-E2E9-4968-9DBF-A7637667AD92}"
EndProject
Global
	GlobalSection(SolutionConfigurationPlatforms) = preSolution
		Debug|Any CPU = Debug|Any CPU
		Release|Any CPU = Release|Any CPU
	EndGlobalSection
	GlobalSection(ProjectConfigurationPlatforms) = postSolution
		{977B2E02-B638-4F45-B099-72427F4067EF}.Debug|Any CPU.ActiveCfg = Debug|Any CPU
		{977B2E02-B638-4F45-B099-72427F4067EF}.Debug|Any CPU.Build.0 = Debug|Any CPU
		{977B2E02-B638-4F45-B099-72427F4067EF}.Release|Any CPU.ActiveCfg = Release|Any CPU
		{977B2E02-B638-4F45-B099-72427F4067EF}.Release|Any CPU.Build.0 = Release|Any CPU
		{40A959A7-9878-487E-BB4F-20E5361EEC5A}.Debug|Any CPU.ActiveCfg = Debug|Any CPU
		{40A959A7-9878-487E-BB4F-20E5361EEC5A}.Debug|Any CPU.Build.0 = Debug|Any CPU
		{40A959A7-9878-487E-BB4F-20E5361EEC5A}.Release|Any CPU.ActiveCfg = Release|Any CPU
		{40A959A7-9878-487E-BB4F-20E5361EEC5A}.Release|Any CPU.Build.0 = Release|Any CPU
		{6F275DC0-8DD7-4A4A-AE55-075B23C69059}.Debug|Any CPU.ActiveCfg = Debug|Any CPU
		{6F275DC0-8DD7-4A4A-AE55-075B23C69059}.Debug|Any CPU.Build.0 = Debug|Any CPU
		{6F275DC0-8DD7-4A4A-AE55-075B23C69059}.Release|Any CPU.ActiveCfg = Release|Any CPU
		{6F275DC0-8DD7-4A4A-AE55-075B23C69059}.Release|Any CPU.Build.0 = Release|Any CPU
		{B77FF2D3-4D04-4B21-9123-A0D050C0C067}.Debug|Any CPU.ActiveCfg = Debug|Any CPU
		{B77FF2D3-4D04-4B21-9123-A0D050C0C067}.Debug|Any CPU.Build.0 = Debug|Any CPU
		{B77FF2D3-4D04-4B21-9123-A0D050C0C067}.Release|Any CPU.ActiveCfg = Release|Any CPU
		{B77FF2D3-4D04-4B21-9123-A0D050C0C067}.Release|Any CPU.Build.0 = Release|Any CPU
		{4197F294-449F-4A95-B013-76B77E0BBDD0}.Debug|Any CPU.ActiveCfg = Debug|Any CPU
		{4197F294-449F-4A95-B013-76B77E0BBDD0}.Debug|Any CPU.Build.0 = Debug|Any CPU
		{4197F294-449F-4A95-B013-76B77E0BBDD0}.Release|Any CPU.ActiveCfg = Release|Any CPU
		{4197F294-449F-4A95-B013-76B77E0BBDD0}.Release|Any CPU.Build.0 = Release|Any CPU
		{AF9EE40D-E2E9-4968-9DBF-A7637667AD92}.Debug|Any CPU.ActiveCfg = Debug|Any CPU
		{AF9EE40D-E2E9-4968-9DBF-A7637667AD92}.Debug|Any CPU.Build.0 = Debug|Any CPU
		{AF9EE40D-E2E9-4968-9DBF-A7637667AD92}.Release|Any CPU.ActiveCfg = Release|Any CPU
		{AF9EE40D-E2E9-4968-9DBF-A7637667AD92}.Release|Any CPU.Build.0 = Release|Any CPU
	EndGlobalSection
	GlobalSection(SolutionProperties) = preSolution
		HideSolutionNode = FALSE
	EndGlobalSection
	GlobalSection(NestedProjects) = preSolution
		{9D91FC9A-C103-4D91-B9BC-CEB6ED3C2A46} = {8C3DC455-CAC0-4D6B-BD98-4925F3047FEF}
		{DA803126-B386-4425-A469-A565543A38A1} = {8C3DC455-CAC0-4D6B-BD98-4925F3047FEF}
		{227B7E8A-E0C9-4AE4-9FAE-40C6EE4D351E} = {8C3DC455-CAC0-4D6B-BD98-4925F3047FEF}
		{977B2E02-B638-4F45-B099-72427F4067EF} = {DA803126-B386-4425-A469-A565543A38A1}
		{40A959A7-9878-487E-BB4F-20E5361EEC5A} = {227B7E8A-E0C9-4AE4-9FAE-40C6EE4D351E}
		{6F275DC0-8DD7-4A4A-AE55-075B23C69059} = {9D91FC9A-C103-4D91-B9BC-CEB6ED3C2A46}
		{B77FF2D3-4D04-4B21-9123-A0D050C0C067} = {DA803126-B386-4425-A469-A565543A38A1}
		{4197F294-449F-4A95-B013-76B77E0BBDD0} = {DA803126-B386-4425-A469-A565543A38A1}
		{AF9EE40D-E2E9-4968-9DBF-A7637667AD92} = {DA803126-B386-4425-A469-A565543A38A1}
	EndGlobalSection
	GlobalSection(ExtensibilityGlobals) = postSolution
		SolutionGuid = {F66F19BF-EE51-4423-A386-C223EB021A74}
	EndGlobalSection
EndGlobal
